{
  "name": "prompt-regression-skill",
  "version": "0.1.0",
  "lockfileVersion": 3,
  "requires": true,
  "packages": {
    "": {
      "name": "prompt-regression-skill",
      "version": "0.1.0",
      "license": "MIT",
      "bin": {
        "prompt-regression-skill": "bin/prompt-regression-skill.js"
      },
      "engines": {
        "node": ">=20"
      }
    }
  }
}
